
Microsoft Visual Studio Solution File, Format Version 12.00
# Visual Studio Version 17
VisualStudioVersion = 17.10.35122.118
MinimumVisualStudioVersion = 10.0.40219.1
Project("{9A19103F-16F7-4668-BE54-9A1E7A4F7556}") = "RageLib", "src\RageLib\RageLib.csproj", "{B2A6C9F9-A2BA-49EE-A364-2E839BD381BA}"
EndProject
Project("{9A19103F-16F7-4668-BE54-9A1E7A4F7556}") = "Resoursaur", "src\Resoursaur\Resoursaur.csproj", "{09683D73-98F5-41DE-AD4A-4732793902D6}"
EndProject
Project("{9A19103F-16F7-4668-BE54-9A1E7A4F7556}") = "Scruff", "src\Scruff\Scruff.csproj", "{44229CF2-4E87-4FAA-B915-FA45608C5619}"
EndProject
Project("{9A19103F-16F7-4668-BE54-9A1E7A4F7556}") = "SparkIV", "src\SparkIV\SparkIV.csproj", "{0997A2C9-0562-4CBB-8560-5514D6163D97}"
EndProject
Global
	GlobalSection(SolutionConfigurationPlatforms) = preSolution
		Debug|Any CPU = Debug|Any CPU
		Release|Any CPU = Release|Any CPU
	EndGlobalSection
	GlobalSection(ProjectConfigurationPlatforms) = postSolution
		{B2A6C9F9-A2BA-49EE-A364-2E839BD381BA}.Debug|Any CPU.ActiveCfg = Debug|Any CPU
		{B2A6C9F9-A2BA-49EE-A364-2E839BD381BA}.Debug|Any CPU.Build.0 = Debug|Any CPU
		{B2A6C9F9-A2BA-49EE-A364-2E839BD381BA}.Release|Any CPU.ActiveCfg = Release|Any CPU
		{B2A6C9F9-A2BA-49EE-A364-2E839BD381BA}.Release|Any CPU.Build.0 = Release|Any CPU
		{09683D73-98F5-41DE-AD4A-4732793902D6}.Debug|Any CPU.ActiveCfg = Debug|Any CPU
		{09683D73-98F5-41DE-AD4A-4732793902D6}.Debug|Any CPU.Build.0 = Debug|Any CPU
		{09683D73-98F5-41DE-AD4A-4732793902D6}.Release|Any CPU.ActiveCfg = Release|Any CPU
		{09683D73-98F5-41DE-AD4A-4732793902D6}.Release|Any CPU.Build.0 = Release|Any CPU
		{44229CF2-4E87-4FAA-B915-FA45608C5619}.Debug|Any CPU.ActiveCfg = Debug|Any CPU
		{44229CF2-4E87-4FAA-B915-FA45608C5619}.Release|Any CPU.ActiveCfg = Release|Any CPU
		{0997A2C9-0562-4CBB-8560-5514D6163D97}.Debug|Any CPU.ActiveCfg = Debug|Any CPU
		{0997A2C9-0562-4CBB-8560-5514D6163D97}.Debug|Any CPU.Build.0 = Debug|Any CPU
		{0997A2C9-0562-4CBB-8560-5514D6163D97}.Release|Any CPU.ActiveCfg = Release|Any CPU
		{0997A2C9-0562-4CBB-8560-5514D6163D97}.Release|Any CPU.Build.0 = Release|Any CPU
	EndGlobalSection
	GlobalSection(SolutionProperties) = preSolution
		HideSolutionNode = FALSE
	EndGlobalSection
	GlobalSection(ExtensibilityGlobals) = postSolution
		SolutionGuid = {5AF0FF83-F711-47C1-B3E3-76996AFF8682}
	EndGlobalSection
EndGlobal
