
Microsoft Visual Studio Solution File, Format Version 12.00
# Visual Studio Version 17
VisualStudioVersion = 17.10.35122.118
MinimumVisualStudioVersion = 10.0.40219.1
Project("{FAE04EC0-301F-11D3-BF4B-00C04F79EFBC}") = "RageLib", "src\RageLib\RageLib.csproj", "{B2A6C9F9-A2BA-49EE-A364-2E839BD381BA}"
EndProject
Project("{FAE04EC0-301F-11D3-BF4B-00C04F79EFBC}") = "Resoursaur", "src\Resoursaur\Resoursaur.csproj", "{09683D73-98F5-41DE-AD4A-4732793902D6}"
EndProject
Project("{FAE04EC0-301F-11D3-BF4B-00C04F79EFBC}") = "Scruff", "src\Scruff\Scruff.csproj", "{44229CF2-4E87-4FAA-B915-FA45608C5619}"
EndProject
Project("{FAE04EC0-301F-11D3-BF4B-00C04F79EFBC}") = "SparkIV", "src\SparkIV\SparkIV.csproj", "{0997A2C9-0562-4CBB-8560-5514D6163D97}"
EndProject
Global
	GlobalSection(SolutionConfigurationPlatforms) = preSolution
		Debug|x64 = Debug|x64
		Release|x64 = Release|x64
	EndGlobalSection
	GlobalSection(ProjectConfigurationPlatforms) = postSolution
		{B2A6C9F9-A2BA-49EE-A364-2E839BD381BA}.Debug|x64.ActiveCfg = Debug|x64
		{B2A6C9F9-A2BA-49EE-A364-2E839BD381BA}.Debug|x64.Build.0 = Debug|x64
		{B2A6C9F9-A2BA-49EE-A364-2E839BD381BA}.Release|x64.ActiveCfg = Release|x64
		{B2A6C9F9-A2BA-49EE-A364-2E839BD381BA}.Release|x64.Build.0 = Release|x64
		{09683D73-98F5-41DE-AD4A-4732793902D6}.Debug|x64.ActiveCfg = Debug|x64
		{09683D73-98F5-41DE-AD4A-4732793902D6}.Debug|x64.Build.0 = Debug|x64
		{09683D73-98F5-41DE-AD4A-4732793902D6}.Release|x64.ActiveCfg = Release|x64
		{09683D73-98F5-41DE-AD4A-4732793902D6}.Release|x64.Build.0 = Release|x64
		{44229CF2-4E87-4FAA-B915-FA45608C5619}.Debug|x64.ActiveCfg = Debug|x64
		{44229CF2-4E87-4FAA-B915-FA45608C5619}.Release|x64.ActiveCfg = Release|x64
		{0997A2C9-0562-4CBB-8560-5514D6163D97}.Debug|x64.ActiveCfg = Debug|x64
		{0997A2C9-0562-4CBB-8560-5514D6163D97}.Debug|x64.Build.0 = Debug|x64
		{0997A2C9-0562-4CBB-8560-5514D6163D97}.Release|x64.ActiveCfg = Release|x64
		{0997A2C9-0562-4CBB-8560-5514D6163D97}.Release|x64.Build.0 = Release|x64
	EndGlobalSection
	GlobalSection(SolutionProperties) = preSolution
		HideSolutionNode = FALSE
	EndGlobalSection
	GlobalSection(ExtensibilityGlobals) = postSolution
		SolutionGuid = {5AF0FF83-F711-47C1-B3E3-76996AFF8682}
	EndGlobalSection
EndGlobal
