
Microsoft Visual Studio Solution File, Format Version 12.00
# Visual Studio Version 17
VisualStudioVersion = 17.10.35122.118
MinimumVisualStudioVersion = 10.0.40219.1
Project("{FAE04EC0-301F-11D3-BF4B-00C04F79EFBC}") = "Scruff", "Scruff.csproj", "{44229CF2-4E87-4FAA-B915-FA45608C5619}"
EndProject
Project("{FAE04EC0-301F-11D3-BF4B-00C04F79EFBC}") = "RageLib", "..\RageLib\RageLib.csproj", "{B2A6C9F9-A2BA-49EE-A364-2E839BD381BA}"
EndProject
Global
	GlobalSection(SolutionConfigurationPlatforms) = preSolution
		Debug|Any CPU = Debug|Any CPU
		Debug|x86 = Debug|x86
		Release|Any CPU = Release|Any CPU
		Release|x86 = Release|x86
	EndGlobalSection
	GlobalSection(ProjectConfigurationPlatforms) = postSolution
		{44229CF2-4E87-4FAA-B915-FA45608C5619}.Debug|Any CPU.ActiveCfg = Debug|Any CPU
		{44229CF2-4E87-4FAA-B915-FA45608C5619}.Debug|Any CPU.Build.0 = Debug|Any CPU
		{44229CF2-4E87-4FAA-B915-FA45608C5619}.Debug|x86.ActiveCfg = Debug|x86
		{44229CF2-4E87-4FAA-B915-FA45608C5619}.Debug|x86.Build.0 = Debug|x86
		{44229CF2-4E87-4FAA-B915-FA45608C5619}.Release|Any CPU.ActiveCfg = Release|Any CPU
		{44229CF2-4E87-4FAA-B915-FA45608C5619}.Release|Any CPU.Build.0 = Release|Any CPU
		{44229CF2-4E87-4FAA-B915-FA45608C5619}.Release|x86.ActiveCfg = Release|x86
		{44229CF2-4E87-4FAA-B915-FA45608C5619}.Release|x86.Build.0 = Release|x86
		{B2A6C9F9-A2BA-49EE-A364-2E839BD381BA}.Debug|Any CPU.ActiveCfg = Debug|Any CPU
		{B2A6C9F9-A2BA-49EE-A364-2E839BD381BA}.Debug|Any CPU.Build.0 = Debug|Any CPU
		{B2A6C9F9-A2BA-49EE-A364-2E839BD381BA}.Debug|x86.ActiveCfg = Debug|x86
		{B2A6C9F9-A2BA-49EE-A364-2E839BD381BA}.Debug|x86.Build.0 = Debug|x86
		{B2A6C9F9-A2BA-49EE-A364-2E839BD381BA}.Release|Any CPU.ActiveCfg = Release|Any CPU
		{B2A6C9F9-A2BA-49EE-A364-2E839BD381BA}.Release|Any CPU.Build.0 = Release|Any CPU
		{B2A6C9F9-A2BA-49EE-A364-2E839BD381BA}.Release|x86.ActiveCfg = Release|x86
		{B2A6C9F9-A2BA-49EE-A364-2E839BD381BA}.Release|x86.Build.0 = Release|x86
	EndGlobalSection
	GlobalSection(SolutionProperties) = preSolution
		HideSolutionNode = FALSE
	EndGlobalSection
	GlobalSection(ExtensibilityGlobals) = postSolution
		SolutionGuid = {E7532484-92DC-4927-8193-4B6AFAF742A4}
	EndGlobalSection
EndGlobal
